
Microsoft Visual Studio Solution File, Format Version 12.00
# Visual Studio Express 2012 for Windows Desktop
Project("{8BC9CEB8-8B4A-11D0-8D11-00A0C91BC942}") = "GEngine", "GEngine\GEngine.vcxproj", "{0EBE3B09-B516-4CCB-94E0-C2E2013CFDFA}"
	ProjectSection(ProjectDependencies) = postProject
		{790DF71D-E588-4CE8-B986-FA0DC574354D} = {790DF71D-E588-4CE8-B986-FA0DC574354D}
		{3909B436-43FD-43ED-B3A9-C713BF1D0CC5} = {3909B436-43FD-43ED-B3A9-C713BF1D0CC5}
		{41B23C41-C9E0-44E1-915D-97FDC3157ECB} = {41B23C41-C9E0-44E1-915D-97FDC3157ECB}
		{7D2E5476-F38F-4EFC-8E87-083E2D5D9502} = {7D2E5476-F38F-4EFC-8E87-083E2D5D9502}
		{C4BD94A1-595F-427F-B87E-28A6E969EC5B} = {C4BD94A1-595F-427F-B87E-28A6E969EC5B}
		{47AC39B1-8CCC-47EE-AF1B-0E54D1579739} = {47AC39B1-8CCC-47EE-AF1B-0E54D1579739}
		{72838AF2-06FD-444E-8ABD-D2E88E3AE471} = {72838AF2-06FD-444E-8ABD-D2E88E3AE471}
	EndProjectSection
EndProject
Project("{8BC9CEB8-8B4A-11D0-8D11-00A0C91BC942}") = "DataStruct", "DataStruct\DataStruct.vcxproj", "{72838AF2-06FD-444E-8ABD-D2E88E3AE471}"
EndProject
Project("{8BC9CEB8-8B4A-11D0-8D11-00A0C91BC942}") = "MathLib", "MathLib\MathLib.vcxproj", "{7D2E5476-F38F-4EFC-8E87-083E2D5D9502}"
	ProjectSection(ProjectDependencies) = postProject
		{72838AF2-06FD-444E-8ABD-D2E88E3AE471} = {72838AF2-06FD-444E-8ABD-D2E88E3AE471}
	EndProjectSection
EndProject
Project("{8BC9CEB8-8B4A-11D0-8D11-00A0C91BC942}") = "GRenderLib", "GRenderLib\GRenderLib.vcxproj", "{3909B436-43FD-43ED-B3A9-C713BF1D0CC5}"
	ProjectSection(ProjectDependencies) = postProject
		{7D2E5476-F38F-4EFC-8E87-083E2D5D9502} = {7D2E5476-F38F-4EFC-8E87-083E2D5D9502}
		{C4BD94A1-595F-427F-B87E-28A6E969EC5B} = {C4BD94A1-595F-427F-B87E-28A6E969EC5B}
		{72838AF2-06FD-444E-8ABD-D2E88E3AE471} = {72838AF2-06FD-444E-8ABD-D2E88E3AE471}
	EndProjectSection
EndProject
Project("{8BC9CEB8-8B4A-11D0-8D11-00A0C91BC942}") = "GInputLib", "GInputLib\GInputLib.vcxproj", "{47AC39B1-8CCC-47EE-AF1B-0E54D1579739}"
	ProjectSection(ProjectDependencies) = postProject
		{72838AF2-06FD-444E-8ABD-D2E88E3AE471} = {72838AF2-06FD-444E-8ABD-D2E88E3AE471}
	EndProjectSection
EndProject
Project("{8BC9CEB8-8B4A-11D0-8D11-00A0C91BC942}") = "GSoundLib", "GSoundLib\GSoundLib.vcxproj", "{790DF71D-E588-4CE8-B986-FA0DC574354D}"
	ProjectSection(ProjectDependencies) = postProject
		{7D2E5476-F38F-4EFC-8E87-083E2D5D9502} = {7D2E5476-F38F-4EFC-8E87-083E2D5D9502}
		{72838AF2-06FD-444E-8ABD-D2E88E3AE471} = {72838AF2-06FD-444E-8ABD-D2E88E3AE471}
	EndProjectSection
EndProject
Project("{8BC9CEB8-8B4A-11D0-8D11-00A0C91BC942}") = "GGameCore", "GGameCore\GGameCore.vcxproj", "{C4BD94A1-595F-427F-B87E-28A6E969EC5B}"
	ProjectSection(ProjectDependencies) = postProject
		{7D2E5476-F38F-4EFC-8E87-083E2D5D9502} = {7D2E5476-F38F-4EFC-8E87-083E2D5D9502}
		{72838AF2-06FD-444E-8ABD-D2E88E3AE471} = {72838AF2-06FD-444E-8ABD-D2E88E3AE471}
	EndProjectSection
EndProject
Project("{8BC9CEB8-8B4A-11D0-8D11-00A0C91BC942}") = "GPhysicLib", "GPhysicLib\GPhysicLib.vcxproj", "{41B23C41-C9E0-44E1-915D-97FDC3157ECB}"
	ProjectSection(ProjectDependencies) = postProject
		{7D2E5476-F38F-4EFC-8E87-083E2D5D9502} = {7D2E5476-F38F-4EFC-8E87-083E2D5D9502}
		{72838AF2-06FD-444E-8ABD-D2E88E3AE471} = {72838AF2-06FD-444E-8ABD-D2E88E3AE471}
	EndProjectSection
EndProject
Global
	GlobalSection(SolutionConfigurationPlatforms) = preSolution
		Debug|Win32 = Debug|Win32
		Release|Win32 = Release|Win32
	EndGlobalSection
	GlobalSection(ProjectConfigurationPlatforms) = postSolution
		{0EBE3B09-B516-4CCB-94E0-C2E2013CFDFA}.Debug|Win32.ActiveCfg = Debug|Win32
		{0EBE3B09-B516-4CCB-94E0-C2E2013CFDFA}.Debug|Win32.Build.0 = Debug|Win32
		{0EBE3B09-B516-4CCB-94E0-C2E2013CFDFA}.Release|Win32.ActiveCfg = Release|Win32
		{0EBE3B09-B516-4CCB-94E0-C2E2013CFDFA}.Release|Win32.Build.0 = Release|Win32
		{72838AF2-06FD-444E-8ABD-D2E88E3AE471}.Debug|Win32.ActiveCfg = Debug|Win32
		{72838AF2-06FD-444E-8ABD-D2E88E3AE471}.Debug|Win32.Build.0 = Debug|Win32
		{72838AF2-06FD-444E-8ABD-D2E88E3AE471}.Release|Win32.ActiveCfg = Release|Win32
		{72838AF2-06FD-444E-8ABD-D2E88E3AE471}.Release|Win32.Build.0 = Release|Win32
		{7D2E5476-F38F-4EFC-8E87-083E2D5D9502}.Debug|Win32.ActiveCfg = Debug|Win32
		{7D2E5476-F38F-4EFC-8E87-083E2D5D9502}.Debug|Win32.Build.0 = Debug|Win32
		{7D2E5476-F38F-4EFC-8E87-083E2D5D9502}.Release|Win32.ActiveCfg = Release|Win32
		{7D2E5476-F38F-4EFC-8E87-083E2D5D9502}.Release|Win32.Build.0 = Release|Win32
		{3909B436-43FD-43ED-B3A9-C713BF1D0CC5}.Debug|Win32.ActiveCfg = Debug|Win32
		{3909B436-43FD-43ED-B3A9-C713BF1D0CC5}.Debug|Win32.Build.0 = Debug|Win32
		{3909B436-43FD-43ED-B3A9-C713BF1D0CC5}.Release|Win32.ActiveCfg = Release|Win32
		{3909B436-43FD-43ED-B3A9-C713BF1D0CC5}.Release|Win32.Build.0 = Release|Win32
		{47AC39B1-8CCC-47EE-AF1B-0E54D1579739}.Debug|Win32.ActiveCfg = Debug|Win32
		{47AC39B1-8CCC-47EE-AF1B-0E54D1579739}.Debug|Win32.Build.0 = Debug|Win32
		{47AC39B1-8CCC-47EE-AF1B-0E54D1579739}.Release|Win32.ActiveCfg = Release|Win32
		{47AC39B1-8CCC-47EE-AF1B-0E54D1579739}.Release|Win32.Build.0 = Release|Win32
		{790DF71D-E588-4CE8-B986-FA0DC574354D}.Debug|Win32.ActiveCfg = Debug|Win32
		{790DF71D-E588-4CE8-B986-FA0DC574354D}.Debug|Win32.Build.0 = Debug|Win32
		{790DF71D-E588-4CE8-B986-FA0DC574354D}.Release|Win32.ActiveCfg = Release|Win32
		{790DF71D-E588-4CE8-B986-FA0DC574354D}.Release|Win32.Build.0 = Release|Win32
		{C4BD94A1-595F-427F-B87E-28A6E969EC5B}.Debug|Win32.ActiveCfg = Debug|Win32
		{C4BD94A1-595F-427F-B87E-28A6E969EC5B}.Debug|Win32.Build.0 = Debug|Win32
		{C4BD94A1-595F-427F-B87E-28A6E969EC5B}.Release|Win32.ActiveCfg = Release|Win32
		{C4BD94A1-595F-427F-B87E-28A6E969EC5B}.Release|Win32.Build.0 = Release|Win32
		{41B23C41-C9E0-44E1-915D-97FDC3157ECB}.Debug|Win32.ActiveCfg = Debug|Win32
		{41B23C41-C9E0-44E1-915D-97FDC3157ECB}.Debug|Win32.Build.0 = Debug|Win32
		{41B23C41-C9E0-44E1-915D-97FDC3157ECB}.Release|Win32.ActiveCfg = Release|Win32
		{41B23C41-C9E0-44E1-915D-97FDC3157ECB}.Release|Win32.Build.0 = Release|Win32
	EndGlobalSection
	GlobalSection(SolutionProperties) = preSolution
		HideSolutionNode = FALSE
	EndGlobalSection
EndGlobal
