<?xml version="1.0" encoding="utf-8"?>
<Project ToolsVersion="4.0" xmlns="http://schemas.microsoft.com/developer/msbuild/2003">
  <ItemGroup>
    <Filter Include="File di origine">
      <UniqueIdentifier>{4FC737F1-C7A5-4376-A066-2A32D752A2FF}</UniqueIdentifier>
      <Extensions>cpp;c;cc;cxx;def;odl;idl;hpj;bat;asm;asmx</Extensions>
    </Filter>
    <Filter Include="File di intestazione">
      <UniqueIdentifier>{93995380-89BD-4b04-88EB-625FBE52EBFB}</UniqueIdentifier>
      <Extensions>h;hpp;hxx;hm;inl;inc;xsd</Extensions>
    </Filter>
    <Filter Include="File di risorse">
      <UniqueIdentifier>{67DA6AB6-F800-4c08-8B7A-83BB121AAD01}</UniqueIdentifier>
      <Extensions>rc;ico;cur;bmp;dlg;rc2;rct;bin;rgs;gif;jpg;jpeg;jpe;resx;tiff;tif;png;wav;mfcribbon-ms</Extensions>
    </Filter>
  </ItemGroup>
  <ItemGroup>
    <ClCompile Include="GAngles.cpp">
      <Filter>File di origine</Filter>
    </ClCompile>
    <ClCompile Include="GMathCore.cpp">
      <Filter>File di origine</Filter>
    </ClCompile>
    <ClCompile Include="GTime.cpp">
      <Filter>File di origine</Filter>
    </ClCompile>
    <ClCompile Include="GComplex.cpp">
      <Filter>File di origine</Filter>
    </ClCompile>
    <ClCompile Include="GEquationSolver.cpp">
      <Filter>File di origine</Filter>
    </ClCompile>
    <ClCompile Include="GHighResTimer.cpp">
      <Filter>File di origine</Filter>
    </ClCompile>
    <ClCompile Include="GMatrix3x3.cpp">
      <Filter>File di origine</Filter>
    </ClCompile>
    <ClCompile Include="GMatrix4x4.cpp">
      <Filter>File di origine</Filter>
    </ClCompile>
    <ClCompile Include="GQuaternion.cpp">
      <Filter>File di origine</Filter>
    </ClCompile>
    <ClCompile Include="GRandom.cpp">
      <Filter>File di origine</Filter>
    </ClCompile>
    <ClCompile Include="GVector2.cpp">
      <Filter>File di origine</Filter>
    </ClCompile>
    <ClCompile Include="GVector3.cpp">
      <Filter>File di origine</Filter>
    </ClCompile>
    <ClCompile Include="GVector4.cpp">
      <Filter>File di origine</Filter>
    </ClCompile>
    <ClCompile Include="GPlane.cpp">
      <Filter>File di origine</Filter>
    </ClCompile>
    <ClCompile Include="GRay.cpp">
      <Filter>File di origine</Filter>
    </ClCompile>
    <ClCompile Include="GSystemSolver.cpp">
      <Filter>File di origine</Filter>
    </ClCompile>
    <ClCompile Include="GShapes.cpp">
      <Filter>File di origine</Filter>
    </ClCompile>
  </ItemGroup>
  <ItemGroup>
    <ClInclude Include="GAngles.h">
      <Filter>File di intestazione</Filter>
    </ClInclude>
    <ClInclude Include="GMath.h">
      <Filter>File di intestazione</Filter>
    </ClInclude>
    <ClInclude Include="GMathCore.h">
      <Filter>File di intestazione</Filter>
    </ClInclude>
    <ClInclude Include="GMathFunctions.h">
      <Filter>File di intestazione</Filter>
    </ClInclude>
    <ClInclude Include="GTime.h">
      <Filter>File di intestazione</Filter>
    </ClInclude>
    <ClInclude Include="GComplex.h">
      <Filter>File di intestazione</Filter>
    </ClInclude>
    <ClInclude Include="GEquationSolver.h">
      <Filter>File di intestazione</Filter>
    </ClInclude>
    <ClInclude Include="GHighResTimer.h">
      <Filter>File di intestazione</Filter>
    </ClInclude>
    <ClInclude Include="GMatrix3x3.h">
      <Filter>File di intestazione</Filter>
    </ClInclude>
    <ClInclude Include="GMatrix4x4.h">
      <Filter>File di intestazione</Filter>
    </ClInclude>
    <ClInclude Include="GQuaternion.h">
      <Filter>File di intestazione</Filter>
    </ClInclude>
    <ClInclude Include="GRandom.h">
      <Filter>File di intestazione</Filter>
    </ClInclude>
    <ClInclude Include="GVector2.h">
      <Filter>File di intestazione</Filter>
    </ClInclude>
    <ClInclude Include="GVector3.h">
      <Filter>File di intestazione</Filter>
    </ClInclude>
    <ClInclude Include="GVector4.h">
      <Filter>File di intestazione</Filter>
    </ClInclude>
    <ClInclude Include="commonHeaders.h">
      <Filter>File di intestazione</Filter>
    </ClInclude>
    <ClInclude Include="GPlane.h">
      <Filter>File di intestazione</Filter>
    </ClInclude>
    <ClInclude Include="GPoint.h">
      <Filter>File di intestazione</Filter>
    </ClInclude>
    <ClInclude Include="GRay.h">
      <Filter>File di intestazione</Filter>
    </ClInclude>
    <ClInclude Include="GSystemSolver.h">
      <Filter>File di intestazione</Filter>
    </ClInclude>
    <ClInclude Include="GShapes.h">
      <Filter>File di intestazione</Filter>
    </ClInclude>
  </ItemGroup>
</Project>